
Microsoft Visual Studio Solution File, Format Version 12.00
# Visual Studio Version 17
VisualStudioVersion = 17.10.34928.147
MinimumVisualStudioVersion = 10.0.40219.1
Project("{FAE04EC0-301F-11D3-BF4B-00C04F79EFBC}") = "60 Parsecs Sprite Generator", "60 Parsecs Sprite Generator.csproj", "{5F5BBDA3-EA38-4BAB-8971-4291F485B2F5}"
EndProject
Global
	GlobalSection(SolutionConfigurationPlatforms) = preSolution
		Debug|Any CPU = Debug|Any CPU
		Release|Any CPU = Release|Any CPU
	EndGlobalSection
	GlobalSection(ProjectConfigurationPlatforms) = postSolution
		{5F5BBDA3-EA38-4BAB-8971-4291F485B2F5}.Debug|Any CPU.ActiveCfg = Debug|Any CPU
		{5F5BBDA3-EA38-4BAB-8971-4291F485B2F5}.Debug|Any CPU.Build.0 = Debug|Any CPU
		{5F5BBDA3-EA38-4BAB-8971-4291F485B2F5}.Release|Any CPU.ActiveCfg = Release|Any CPU
		{5F5BBDA3-EA38-4BAB-8971-4291F485B2F5}.Release|Any CPU.Build.0 = Release|Any CPU
	EndGlobalSection
	GlobalSection(SolutionProperties) = preSolution
		HideSolutionNode = FALSE
	EndGlobalSection
	GlobalSection(ExtensibilityGlobals) = postSolution
		SolutionGuid = {B75218B4-BE9C-453E-8CEE-57B03E42DEAC}
	EndGlobalSection
EndGlobal
